uuid: e1292270-53d3-4809-9337-c13732357ed7
langcode: en
status: true
dependencies:
  config:
    - field.storage.node.field_data_block
    - node.type.about
    - paragraphs.paragraphs_type.data_block
  module:
    - entity_reference_revisions
id: node.about.field_data_block
field_name: field_data_block
entity_type: node
bundle: about
label: 'Data Block'
description: ''
required: false
translatable: false
default_value: {  }
default_value_callback: ''
settings:
  handler: 'default:paragraph'
  handler_settings:
    target_bundles:
      data_block: data_block
    target_bundles_drag_drop:
      data_block:
        enabled: true
        weight: 8
      hero_landing_single_image:
        weight: 9
        enabled: false
      image_carousel_item:
        weight: 10
        enabled: false
      our_story:
        weight: 11
        enabled: false
      our_story_video:
        weight: 12
        enabled: false
      speakers:
        weight: 13
        enabled: false
      special_promo_item:
        weight: 14
        enabled: false
field_type: entity_reference_revisions
